
Microsoft Visual Studio Solution File, Format Version 11.00
# Visual Studio 2010
Project("{FAE04EC0-301F-11D3-BF4B-00C04F79EFBC}") = "Assembly-CSharp", "Assembly-CSharp.csproj", "{b85ffe3d-72e3-e9e4-4ad2-4f86c8f5e4a0}"
EndProject
Project("{FAE04EC0-301F-11D3-BF4B-00C04F79EFBC}") = "Assembly-CSharp-Editor", "Assembly-CSharp-Editor.csproj", "{f09dcc0b-f6c5-5323-db07-fc9d57ba0ff8}"
EndProject
Global
	GlobalSection(SolutionConfigurationPlatforms) = preSolution
		Debug|Any CPU = Debug|Any CPU
	EndGlobalSection
	GlobalSection(ProjectConfigurationPlatforms) = postSolution
		{b85ffe3d-72e3-e9e4-4ad2-4f86c8f5e4a0}.Debug|Any CPU.ActiveCfg = Debug|Any CPU
		{b85ffe3d-72e3-e9e4-4ad2-4f86c8f5e4a0}.Debug|Any CPU.Build.0 = Debug|Any CPU
		{f09dcc0b-f6c5-5323-db07-fc9d57ba0ff8}.Debug|Any CPU.ActiveCfg = Debug|Any CPU
		{f09dcc0b-f6c5-5323-db07-fc9d57ba0ff8}.Debug|Any CPU.Build.0 = Debug|Any CPU
	EndGlobalSection
	GlobalSection(SolutionProperties) = preSolution
		HideSolutionNode = FALSE
	EndGlobalSection
EndGlobal
